{
    "requires": true,
    "lockfileVersion": 1,
    "dependencies": {
        "angular": {
            "version": "1.7.9",
            "resolved": "https://registry.npmjs.org/angular/-/angular-1.7.9.tgz",
            "integrity": "sha512-5se7ZpcOtu0MBFlzGv5dsM1quQDoDeUTwZrWjGtTNA7O88cD8TEk5IEKCTDa3uECV9XnvKREVUr7du1ACiWGFQ=="
        },
        "angular-video-background": {
            "version": "1.0.3",
            "resolved": "https://registry.npmjs.org/angular-video-background/-/angular-video-background-1.0.3.tgz",
            "integrity": "sha512-ugnlH4xCGq87bgn3aTPu6yrbgNv9KFbMG4MJGXhiUUFLaFNdwQZxOdMatdCk2P6fWJmwTlQ9EHiTAPFbUtxsNw=="
        },
        "angularjs-color-picker": {
            "version": "3.4.8",
            "resolved": "https://registry.npmjs.org/angularjs-color-picker/-/angularjs-color-picker-3.4.8.tgz",
            "integrity": "sha1-DyHde3l1mZyC4wZbJfPWmAGPHLk=",
            "requires": {
                "angular": "^1.4.0",
                "tinycolor2": "^1.3.0"
            }
        },
        "tinycolor2": {
            "version": "1.4.1",
            "resolved": "https://registry.npmjs.org/tinycolor2/-/tinycolor2-1.4.1.tgz",
            "integrity": "sha1-9PrTM0R7wLB9TcjpIJ2POaisd+g="
        }
    }
}
